// !$*UTF8*$!
{
	archiveVersion = 1;
	classes = {
	};
	objectVersion = 56;
	objects = {

/* Begin PBXBuildFile section */
		7D05D16829E3404B00ADAE32 /* LandmarksApp.swift in Sources */ = {isa = PBXBuildFile; fileRef = 7D05D16729E3404B00ADAE32 /* LandmarksApp.swift */; };
		7D05D16A29E3404B00ADAE32 /* ContentView.swift in Sources */ = {isa = PBXBuildFile; fileRef = 7D05D16929E3404B00ADAE32 /* ContentView.swift */; };
		7D05D16C29E3404D00ADAE32 /* Assets.xcassets in Resources */ = {isa = PBXBuildFile; fileRef = 7D05D16B29E3404D00ADAE32 /* Assets.xcassets */; };
		7D05D16F29E3404D00ADAE32 /* Preview Assets.xcassets in Resources */ = {isa = PBXBuildFile; fileRef = 7D05D16E29E3404D00ADAE32 /* Preview Assets.xcassets */; };
		7D05D17629E3427700ADAE32 /* CircleImage.swift in Sources */ = {isa = PBXBuildFile; fileRef = 7D05D17529E3427700ADAE32 /* CircleImage.swift */; };
		7D05D17829E342C100ADAE32 /* MapView.swift in Sources */ = {isa = PBXBuildFile; fileRef = 7D05D17729E342C100ADAE32 /* MapView.swift */; };
		7D5050E129E3E39400DBBD00 /* LandmarkRow.swift in Sources */ = {isa = PBXBuildFile; fileRef = 7D5050E029E3E39400DBBD00 /* LandmarkRow.swift */; };
		7D5050E329E3E6D600DBBD00 /* LandmarkList.swift in Sources */ = {isa = PBXBuildFile; fileRef = 7D5050E229E3E6D600DBBD00 /* LandmarkList.swift */; };
		7D5050E529E42E8700DBBD00 /* LandmarkDetail.swift in Sources */ = {isa = PBXBuildFile; fileRef = 7D5050E429E42E8700DBBD00 /* LandmarkDetail.swift */; };
		7D5269A929E3458800B18870 /* landmarkData.json in Resources */ = {isa = PBXBuildFile; fileRef = 7D5269A829E3458800B18870 /* landmarkData.json */; };
		7D5269AB29E345B500B18870 /* Landmark.swift in Sources */ = {isa = PBXBuildFile; fileRef = 7D5269AA29E345B500B18870 /* Landmark.swift */; };
		7D5269AD29E3463300B18870 /* ModelData.swift in Sources */ = {isa = PBXBuildFile; fileRef = 7D5269AC29E3463300B18870 /* ModelData.swift */; };
		7DAB7F7F29E49C6F0069DB62 /* FavoriteButton.swift in Sources */ = {isa = PBXBuildFile; fileRef = 7DAB7F7E29E49C6F0069DB62 /* FavoriteButton.swift */; };
/* End PBXBuildFile section */

/* Begin PBXFileReference section */
		7D05D16429E3404B00ADAE32 /* Landmarks.app */ = {isa = PBXFileReference; explicitFileType = wrapper.application; includeInIndex = 0; path = Landmarks.app; sourceTree = BUILT_PRODUCTS_DIR; };
		7D05D16729E3404B00ADAE32 /* LandmarksApp.swift */ = {isa = PBXFileReference; lastKnownFileType = sourcecode.swift; path = LandmarksApp.swift; sourceTree = "<group>"; };
		7D05D16929E3404B00ADAE32 /* ContentView.swift */ = {isa = PBXFileReference; lastKnownFileType = sourcecode.swift; path = ContentView.swift; sourceTree = "<group>"; };
		7D05D16B29E3404D00ADAE32 /* Assets.xcassets */ = {isa = PBXFileReference; lastKnownFileType = folder.assetcatalog; path = Assets.xcassets; sourceTree = "<group>"; };
		7D05D16E29E3404D00ADAE32 /* Preview Assets.xcassets */ = {isa = PBXFileReference; lastKnownFileType = folder.assetcatalog; path = "Preview Assets.xcassets"; sourceTree = "<group>"; };
		7D05D17529E3427700ADAE32 /* CircleImage.swift */ = {isa = PBXFileReference; lastKnownFileType = sourcecode.swift; path = CircleImage.swift; sourceTree = "<group>"; };
		7D05D17729E342C100ADAE32 /* MapView.swift */ = {isa = PBXFileReference; lastKnownFileType = sourcecode.swift; path = MapView.swift; sourceTree = "<group>"; };
		7D5050E029E3E39400DBBD00 /* LandmarkRow.swift */ = {isa = PBXFileReference; lastKnownFileType = sourcecode.swift; path = LandmarkRow.swift; sourceTree = "<group>"; };
		7D5050E229E3E6D600DBBD00 /* LandmarkList.swift */ = {isa = PBXFileReference; lastKnownFileType = sourcecode.swift; path = LandmarkList.swift; sourceTree = "<group>"; };
		7D5050E429E42E8700DBBD00 /* LandmarkDetail.swift */ = {isa = PBXFileReference; lastKnownFileType = sourcecode.swift; path = LandmarkDetail.swift; sourceTree = "<group>"; };
		7D5269A829E3458800B18870 /* landmarkData.json */ = {isa = PBXFileReference; fileEncoding = 4; lastKnownFileType = text.json; path = landmarkData.json; sourceTree = "<group>"; };
		7D5269AA29E345B500B18870 /* Landmark.swift */ = {isa = PBXFileReference; lastKnownFileType = sourcecode.swift; path = Landmark.swift; sourceTree = "<group>"; };
		7D5269AC29E3463300B18870 /* ModelData.swift */ = {isa = PBXFileReference; lastKnownFileType = sourcecode.swift; path = ModelData.swift; sourceTree = "<group>"; };
		7DAB7F7E29E49C6F0069DB62 /* FavoriteButton.swift */ = {isa = PBXFileReference; lastKnownFileType = sourcecode.swift; path = FavoriteButton.swift; sourceTree = "<group>"; };
/* End PBXFileReference section */

/* Begin PBXFrameworksBuildPhase section */
		7D05D16129E3404B00ADAE32 /* Frameworks */ = {
			isa = PBXFrameworksBuildPhase;
			buildActionMask = 2147483647;
			files = (
			);
			runOnlyForDeploymentPostprocessing = 0;
		};
/* End PBXFrameworksBuildPhase section */

/* Begin PBXGroup section */
		7D05D15B29E3404B00ADAE32 = {
			isa = PBXGroup;
			children = (
				7D05D16629E3404B00ADAE32 /* Landmarks */,
				7D05D16529E3404B00ADAE32 /* Products */,
			);
			sourceTree = "<group>";
		};
		7D05D16529E3404B00ADAE32 /* Products */ = {
			isa = PBXGroup;
			children = (
				7D05D16429E3404B00ADAE32 /* Landmarks.app */,
			);
			name = Products;
			sourceTree = "<group>";
		};
		7D05D16629E3404B00ADAE32 /* Landmarks */ = {
			isa = PBXGroup;
			children = (
				7D05D16729E3404B00ADAE32 /* LandmarksApp.swift */,
				7D5269B029E346AB00B18870 /* Model */,
				7D5269AE29E3468500B18870 /* Views */,
				7D5269B129E346B700B18870 /* Resources */,
				7D05D16B29E3404D00ADAE32 /* Assets.xcassets */,
				7D5269B229E346C100B18870 /* Products */,
				7D05D16D29E3404D00ADAE32 /* Preview Content */,
			);
			path = Landmarks;
			sourceTree = "<group>";
		};
		7D05D16D29E3404D00ADAE32 /* Preview Content */ = {
			isa = PBXGroup;
			children = (
				7D05D16E29E3404D00ADAE32 /* Preview Assets.xcassets */,
			);
			path = "Preview Content";
			sourceTree = "<group>";
		};
		7D5269AE29E3468500B18870 /* Views */ = {
			isa = PBXGroup;
			children = (
				7D05D16929E3404B00ADAE32 /* ContentView.swift */,
				7DAB7F8129E4A0C90069DB62 /* Helpers */,
				7DAB7F8029E4A0A30069DB62 /* Landmarks */,
			);
			path = Views;
			sourceTree = "<group>";
		};
		7D5269B029E346AB00B18870 /* Model */ = {
			isa = PBXGroup;
			children = (
				7D5269AA29E345B500B18870 /* Landmark.swift */,
				7D5269AC29E3463300B18870 /* ModelData.swift */,
			);
			path = Model;
			sourceTree = "<group>";
		};
		7D5269B129E346B700B18870 /* Resources */ = {
			isa = PBXGroup;
			children = (
				7D5269A829E3458800B18870 /* landmarkData.json */,
			);
			path = Resources;
			sourceTree = "<group>";
		};
		7D5269B229E346C100B18870 /* Products */ = {
			isa = PBXGroup;
			children = (
			);
			path = Products;
			sourceTree = "<group>";
		};
		7DAB7F8029E4A0A30069DB62 /* Landmarks */ = {
			isa = PBXGroup;
			children = (
				7D5050E429E42E8700DBBD00 /* LandmarkDetail.swift */,
				7D5050E029E3E39400DBBD00 /* LandmarkRow.swift */,
				7D5050E229E3E6D600DBBD00 /* LandmarkList.swift */,
			);
			path = Landmarks;
			sourceTree = "<group>";
		};
		7DAB7F8129E4A0C90069DB62 /* Helpers */ = {
			isa = PBXGroup;
			children = (
				7D05D17529E3427700ADAE32 /* CircleImage.swift */,
				7D05D17729E342C100ADAE32 /* MapView.swift */,
				7DAB7F7E29E49C6F0069DB62 /* FavoriteButton.swift */,
			);
			path = Helpers;
			sourceTree = "<group>";
		};
/* End PBXGroup section */

/* Begin PBXNativeTarget section */
		7D05D16329E3404B00ADAE32 /* Landmarks */ = {
			isa = PBXNativeTarget;
			buildConfigurationList = 7D05D17229E3404D00ADAE32 /* Build configuration list for PBXNativeTarget "Landmarks" */;
			buildPhases = (
				7D05D16029E3404B00ADAE32 /* Sources */,
				7D05D16129E3404B00ADAE32 /* Frameworks */,
				7D05D16229E3404B00ADAE32 /* Resources */,
			);
			buildRules = (
			);
			dependencies = (
			);
			name = Landmarks;
			productName = Landmarks;
			productReference = 7D05D16429E3404B00ADAE32 /* Landmarks.app */;
			productType = "com.apple.product-type.application";
		};
/* End PBXNativeTarget section */

/* Begin PBXProject section */
		7D05D15C29E3404B00ADAE32 /* Project object */ = {
			isa = PBXProject;
			attributes = {
				BuildIndependentTargetsInParallel = 1;
				LastSwiftUpdateCheck = 1430;
				LastUpgradeCheck = 1430;
				TargetAttributes = {
					7D05D16329E3404B00ADAE32 = {
						CreatedOnToolsVersion = 14.3;
					};
				};
			};
			buildConfigurationList = 7D05D15F29E3404B00ADAE32 /* Build configuration list for PBXProject "Landmarks" */;
			compatibilityVersion = "Xcode 14.0";
			developmentRegion = en;
			hasScannedForEncodings = 0;
			knownRegions = (
				en,
				Base,
			);
			mainGroup = 7D05D15B29E3404B00ADAE32;
			productRefGroup = 7D05D16529E3404B00ADAE32 /* Products */;
			projectDirPath = "";
			projectRoot = "";
			targets = (
				7D05D16329E3404B00ADAE32 /* Landmarks */,
			);
		};
/* End PBXProject section */

/* Begin PBXResourcesBuildPhase section */
		7D05D16229E3404B00ADAE32 /* Resources */ = {
			isa = PBXResourcesBuildPhase;
			buildActionMask = 2147483647;
			files = (
				7D05D16F29E3404D00ADAE32 /* Preview Assets.xcassets in Resources */,
				7D05D16C29E3404D00ADAE32 /* Assets.xcassets in Resources */,
				7D5269A929E3458800B18870 /* landmarkData.json in Resources */,
			);
			runOnlyForDeploymentPostprocessing = 0;
		};
/* End PBXResourcesBuildPhase section */

/* Begin PBXSourcesBuildPhase section */
		7D05D16029E3404B00ADAE32 /* Sources */ = {
			isa = PBXSourcesBuildPhase;
			buildActionMask = 2147483647;
			files = (
				7D05D16A29E3404B00ADAE32 /* ContentView.swift in Sources */,
				7D5269AD29E3463300B18870 /* ModelData.swift in Sources */,
				7D05D17829E342C100ADAE32 /* MapView.swift in Sources */,
				7DAB7F7F29E49C6F0069DB62 /* FavoriteButton.swift in Sources */,
				7D5050E329E3E6D600DBBD00 /* LandmarkList.swift in Sources */,
				7D5050E529E42E8700DBBD00 /* LandmarkDetail.swift in Sources */,
				7D05D16829E3404B00ADAE32 /* LandmarksApp.swift in Sources */,
				7D05D17629E3427700ADAE32 /* CircleImage.swift in Sources */,
				7D5050E129E3E39400DBBD00 /* LandmarkRow.swift in Sources */,
				7D5269AB29E345B500B18870 /* Landmark.swift in Sources */,
			);
			runOnlyForDeploymentPostprocessing = 0;
		};
/* End PBXSourcesBuildPhase section */

/* Begin XCBuildConfiguration section */
		7D05D17029E3404D00ADAE32 /* Debug */ = {
			isa = XCBuildConfiguration;
			buildSettings = {
				ALWAYS_SEARCH_USER_PATHS = NO;
				CLANG_ANALYZER_NONNULL = YES;
				CLANG_ANALYZER_NUMBER_OBJECT_CONVERSION = YES_AGGRESSIVE;
				CLANG_CXX_LANGUAGE_STANDARD = "gnu++20";
				CLANG_ENABLE_MODULES = YES;
				CLANG_ENABLE_OBJC_ARC = YES;
				CLANG_ENABLE_OBJC_WEAK = YES;
				CLANG_WARN_BLOCK_CAPTURE_AUTORELEASING = YES;
				CLANG_WARN_BOOL_CONVERSION = YES;
				CLANG_WARN_COMMA = YES;
				CLANG_WARN_CONSTANT_CONVERSION = YES;
				CLANG_WARN_DEPRECATED_OBJC_IMPLEMENTATIONS = YES;
				CLANG_WARN_DIRECT_OBJC_ISA_USAGE = YES_ERROR;
				CLANG_WARN_DOCUMENTATION_COMMENTS = YES;
				CLANG_WARN_EMPTY_BODY = YES;
				CLANG_WARN_ENUM_CONVERSION = YES;
				CLANG_WARN_INFINITE_RECURSION = YES;
				CLANG_WARN_INT_CONVERSION = YES;
				CLANG_WARN_NON_LITERAL_NULL_CONVERSION = YES;
				CLANG_WARN_OBJC_IMPLICIT_RETAIN_SELF = YES;
				CLANG_WARN_OBJC_LITERAL_CONVERSION = YES;
				CLANG_WARN_OBJC_ROOT_CLASS = YES_ERROR;
				CLANG_WARN_QUOTED_INCLUDE_IN_FRAMEWORK_HEADER = YES;
				CLANG_WARN_RANGE_LOOP_ANALYSIS = YES;
				CLANG_WARN_STRICT_PROTOTYPES = YES;
				CLANG_WARN_SUSPICIOUS_MOVE = YES;
				CLANG_WARN_UNGUARDED_AVAILABILITY = YES_AGGRESSIVE;
				CLANG_WARN_UNREACHABLE_CODE = YES;
				CLANG_WARN__DUPLICATE_METHOD_MATCH = YES;
				COPY_PHASE_STRIP = NO;
				DEBUG_INFORMATION_FORMAT = dwarf;
				ENABLE_STRICT_OBJC_MSGSEND = YES;
				ENABLE_TESTABILITY = YES;
				GCC_C_LANGUAGE_STANDARD = gnu11;
				GCC_DYNAMIC_NO_PIC = NO;
				GCC_NO_COMMON_BLOCKS = YES;
				GCC_OPTIMIZATION_LEVEL = 0;
				GCC_PREPROCESSOR_DEFINITIONS = (
					"DEBUG=1",
					"$(inherited)",
				);
				GCC_WARN_64_TO_32_BIT_CONVERSION = YES;
				GCC_WARN_ABOUT_RETURN_TYPE = YES_ERROR;
				GCC_WARN_UNDECLARED_SELECTOR = YES;
				GCC_WARN_UNINITIALIZED_AUTOS = YES_AGGRESSIVE;
				GCC_WARN_UNUSED_FUNCTION = YES;
				GCC_WARN_UNUSED_VARIABLE = YES;
				IPHONEOS_DEPLOYMENT_TARGET = 16.4;
				MTL_ENABLE_DEBUG_INFO = INCLUDE_SOURCE;
				MTL_FAST_MATH = YES;
				ONLY_ACTIVE_ARCH = YES;
				SDKROOT = iphoneos;
				SWIFT_ACTIVE_COMPILATION_CONDITIONS = DEBUG;
				SWIFT_OPTIMIZATION_LEVEL = "-Onone";
			};
			name = Debug;
		};
		7D05D17129E3404D00ADAE32 /* Release */ = {
			isa = XCBuildConfiguration;
			buildSettings = {
				ALWAYS_SEARCH_USER_PATHS = NO;
				CLANG_ANALYZER_NONNULL = YES;
				CLANG_ANALYZER_NUMBER_OBJECT_CONVERSION = YES_AGGRESSIVE;
				CLANG_CXX_LANGUAGE_STANDARD = "gnu++20";
				CLANG_ENABLE_MODULES = YES;
				CLANG_ENABLE_OBJC_ARC = YES;
				CLANG_ENABLE_OBJC_WEAK = YES;
				CLANG_WARN_BLOCK_CAPTURE_AUTORELEASING = YES;
				CLANG_WARN_BOOL_CONVERSION = YES;
				CLANG_WARN_COMMA = YES;
				CLANG_WARN_CONSTANT_CONVERSION = YES;
				CLANG_WARN_DEPRECATED_OBJC_IMPLEMENTATIONS = YES;
				CLANG_WARN_DIRECT_OBJC_ISA_USAGE = YES_ERROR;
				CLANG_WARN_DOCUMENTATION_COMMENTS = YES;
				CLANG_WARN_EMPTY_BODY = YES;
				CLANG_WARN_ENUM_CONVERSION = YES;
				CLANG_WARN_INFINITE_RECURSION = YES;
				CLANG_WARN_INT_CONVERSION = YES;
				CLANG_WARN_NON_LITERAL_NULL_CONVERSION = YES;
				CLANG_WARN_OBJC_IMPLICIT_RETAIN_SELF = YES;
				CLANG_WARN_OBJC_LITERAL_CONVERSION = YES;
				CLANG_WARN_OBJC_ROOT_CLASS = YES_ERROR;
				CLANG_WARN_QUOTED_INCLUDE_IN_FRAMEWORK_HEADER = YES;
				CLANG_WARN_RANGE_LOOP_ANALYSIS = YES;
				CLANG_WARN_STRICT_PROTOTYPES = YES;
				CLANG_WARN_SUSPICIOUS_MOVE = YES;
				CLANG_WARN_UNGUARDED_AVAILABILITY = YES_AGGRESSIVE;
				CLANG_WARN_UNREACHABLE_CODE = YES;
				CLANG_WARN__DUPLICATE_METHOD_MATCH = YES;
				COPY_PHASE_STRIP = NO;
				DEBUG_INFORMATION_FORMAT = "dwarf-with-dsym";
				ENABLE_NS_ASSERTIONS = NO;
				ENABLE_STRICT_OBJC_MSGSEND = YES;
				GCC_C_LANGUAGE_STANDARD = gnu11;
				GCC_NO_COMMON_BLOCKS = YES;
				GCC_WARN_64_TO_32_BIT_CONVERSION = YES;
				GCC_WARN_ABOUT_RETURN_TYPE = YES_ERROR;
				GCC_WARN_UNDECLARED_SELECTOR = YES;
				GCC_WARN_UNINITIALIZED_AUTOS = YES_AGGRESSIVE;
				GCC_WARN_UNUSED_FUNCTION = YES;
				GCC_WARN_UNUSED_VARIABLE = YES;
				IPHONEOS_DEPLOYMENT_TARGET = 16.4;
				MTL_ENABLE_DEBUG_INFO = NO;
				MTL_FAST_MATH = YES;
				SDKROOT = iphoneos;
				SWIFT_COMPILATION_MODE = wholemodule;
				SWIFT_OPTIMIZATION_LEVEL = "-O";
				VALIDATE_PRODUCT = YES;
			};
			name = Release;
		};
		7D05D17329E3404D00ADAE32 /* Debug */ = {
			isa = XCBuildConfiguration;
			buildSettings = {
				ASSETCATALOG_COMPILER_APPICON_NAME = AppIcon;
				ASSETCATALOG_COMPILER_GLOBAL_ACCENT_COLOR_NAME = AccentColor;
				CODE_SIGN_STYLE = Automatic;
				CURRENT_PROJECT_VERSION = 1;
				DEVELOPMENT_ASSET_PATHS = "\"Landmarks/Preview Content\"";
				DEVELOPMENT_TEAM = 695CM34MN8;
				ENABLE_PREVIEWS = YES;
				GENERATE_INFOPLIST_FILE = YES;
				INFOPLIST_KEY_UIApplicationSceneManifest_Generation = YES;
				INFOPLIST_KEY_UIApplicationSupportsIndirectInputEvents = YES;
				INFOPLIST_KEY_UILaunchScreen_Generation = YES;
				INFOPLIST_KEY_UISupportedInterfaceOrientations_iPad = "UIInterfaceOrientationPortrait UIInterfaceOrientationPortraitUpsideDown UIInterfaceOrientationLandscapeLeft UIInterfaceOrientationLandscapeRight";
				INFOPLIST_KEY_UISupportedInterfaceOrientations_iPhone = "UIInterfaceOrientationPortrait UIInterfaceOrientationLandscapeLeft UIInterfaceOrientationLandscapeRight";
				LD_RUNPATH_SEARCH_PATHS = (
					"$(inherited)",
					"@executable_path/Frameworks",
				);
				MARKETING_VERSION = 1.0;
				PRODUCT_BUNDLE_IDENTIFIER = com.dilpreetsingh.Landmarks;
				PRODUCT_NAME = "$(TARGET_NAME)";
				SWIFT_EMIT_LOC_STRINGS = YES;
				SWIFT_VERSION = 5.0;
				TARGETED_DEVICE_FAMILY = "1,2";
			};
			name = Debug;
		};
		7D05D17429E3404D00ADAE32 /* Release */ = {
			isa = XCBuildConfiguration;
			buildSettings = {
				ASSETCATALOG_COMPILER_APPICON_NAME = AppIcon;
				ASSETCATALOG_COMPILER_GLOBAL_ACCENT_COLOR_NAME = AccentColor;
				CODE_SIGN_STYLE = Automatic;
				CURRENT_PROJECT_VERSION = 1;
				DEVELOPMENT_ASSET_PATHS = "\"Landmarks/Preview Content\"";
				DEVELOPMENT_TEAM = 695CM34MN8;
				ENABLE_PREVIEWS = YES;
				GENERATE_INFOPLIST_FILE = YES;
				INFOPLIST_KEY_UIApplicationSceneManifest_Generation = YES;
				INFOPLIST_KEY_UIApplicationSupportsIndirectInputEvents = YES;
				INFOPLIST_KEY_UILaunchScreen_Generation = YES;
				INFOPLIST_KEY_UISupportedInterfaceOrientations_iPad = "UIInterfaceOrientationPortrait UIInterfaceOrientationPortraitUpsideDown UIInterfaceOrientationLandscapeLeft UIInterfaceOrientationLandscapeRight";
				INFOPLIST_KEY_UISupportedInterfaceOrientations_iPhone = "UIInterfaceOrientationPortrait UIInterfaceOrientationLandscapeLeft UIInterfaceOrientationLandscapeRight";
				LD_RUNPATH_SEARCH_PATHS = (
					"$(inherited)",
					"@executable_path/Frameworks",
				);
				MARKETING_VERSION = 1.0;
				PRODUCT_BUNDLE_IDENTIFIER = com.dilpreetsingh.Landmarks;
				PRODUCT_NAME = "$(TARGET_NAME)";
				SWIFT_EMIT_LOC_STRINGS = YES;
				SWIFT_VERSION = 5.0;
				TARGETED_DEVICE_FAMILY = "1,2";
			};
			name = Release;
		};
/* End XCBuildConfiguration section */

/* Begin XCConfigurationList section */
		7D05D15F29E3404B00ADAE32 /* Build configuration list for PBXProject "Landmarks" */ = {
			isa = XCConfigurationList;
			buildConfigurations = (
				7D05D17029E3404D00ADAE32 /* Debug */,
				7D05D17129E3404D00ADAE32 /* Release */,
			);
			defaultConfigurationIsVisible = 0;
			defaultConfigurationName = Release;
		};
		7D05D17229E3404D00ADAE32 /* Build configuration list for PBXNativeTarget "Landmarks" */ = {
			isa = XCConfigurationList;
			buildConfigurations = (
				7D05D17329E3404D00ADAE32 /* Debug */,
				7D05D17429E3404D00ADAE32 /* Release */,
			);
			defaultConfigurationIsVisible = 0;
			defaultConfigurationName = Release;
		};
/* End XCConfigurationList section */
	};
	rootObject = 7D05D15C29E3404B00ADAE32 /* Project object */;
}
